
Microsoft Visual Studio Solution File, Format Version 12.00
# Visual Studio 15
VisualStudioVersion = 15.0.27703.2035
MinimumVisualStudioVersion = 10.0.40219.1
Project("{FAE04EC0-301F-11D3-BF4B-00C04F79EFBC}") = "Macro Commander", "Macro Commander\Macro Commander.csproj", "{81148D97-31B3-4167-B248-ED174980A798}"
EndProject
Global
	GlobalSection(SolutionConfigurationPlatforms) = preSolution
		Debug|Any CPU = Debug|Any CPU
		Release|Any CPU = Release|Any CPU
	EndGlobalSection
	GlobalSection(ProjectConfigurationPlatforms) = postSolution
		{81148D97-31B3-4167-B248-ED174980A798}.Debug|Any CPU.ActiveCfg = Debug|Any CPU
		{81148D97-31B3-4167-B248-ED174980A798}.Debug|Any CPU.Build.0 = Debug|Any CPU
		{81148D97-31B3-4167-B248-ED174980A798}.Release|Any CPU.ActiveCfg = Release|Any CPU
		{81148D97-31B3-4167-B248-ED174980A798}.Release|Any CPU.Build.0 = Release|Any CPU
	EndGlobalSection
	GlobalSection(SolutionProperties) = preSolution
		HideSolutionNode = FALSE
	EndGlobalSection
	GlobalSection(ExtensibilityGlobals) = postSolution
		SolutionGuid = {D09F4746-7A45-423E-8533-77B271DC018E}
	EndGlobalSection
EndGlobal
